// !$*UTF8*$!
{
	archiveVersion = 1;
	classes = {
	};
	objectVersion = 56;
	objects = {

/* Begin PBXBuildFile section */
		FD817C3C2A0E682300B5A7BB /* MyGoodsStorageApp.swift in Sources */ = {isa = PBXBuildFile; fileRef = FD817C3B2A0E682300B5A7BB /* MyGoodsStorageApp.swift */; };
		FD817C402A0E682300B5A7BB /* Assets.xcassets in Resources */ = {isa = PBXBuildFile; fileRef = FD817C3F2A0E682300B5A7BB /* Assets.xcassets */; };
		FD817C432A0E682300B5A7BB /* Preview Assets.xcassets in Resources */ = {isa = PBXBuildFile; fileRef = FD817C422A0E682300B5A7BB /* Preview Assets.xcassets */; };
		FD817C4A2A0E686000B5A7BB /* RootView.swift in Sources */ = {isa = PBXBuildFile; fileRef = FD817C492A0E686000B5A7BB /* RootView.swift */; };
		FD817C4C2A0E687100B5A7BB /* WelcomeView.swift in Sources */ = {isa = PBXBuildFile; fileRef = FD817C4B2A0E687100B5A7BB /* WelcomeView.swift */; };
		FD817C4E2A0E688100B5A7BB /* MainScreenView.swift in Sources */ = {isa = PBXBuildFile; fileRef = FD817C4D2A0E688100B5A7BB /* MainScreenView.swift */; };
		FD817C502A0E689400B5A7BB /* SettingsView.swift in Sources */ = {isa = PBXBuildFile; fileRef = FD817C4F2A0E689400B5A7BB /* SettingsView.swift */; };
		FD817C522A0E68A400B5A7BB /* CustomStorageView.swift in Sources */ = {isa = PBXBuildFile; fileRef = FD817C512A0E68A400B5A7BB /* CustomStorageView.swift */; };
		FD817C542A0E68B600B5A7BB /* AddProductView.swift in Sources */ = {isa = PBXBuildFile; fileRef = FD817C532A0E68B600B5A7BB /* AddProductView.swift */; };
		FD817C562A0E68C600B5A7BB /* AddStorageView.swift in Sources */ = {isa = PBXBuildFile; fileRef = FD817C552A0E68C600B5A7BB /* AddStorageView.swift */; };
		FD817C582A0E68D800B5A7BB /* CoreDataViewModel.swift in Sources */ = {isa = PBXBuildFile; fileRef = FD817C572A0E68D800B5A7BB /* CoreDataViewModel.swift */; };
		FD817C5A2A0E68EE00B5A7BB /* WelcomeScreenText.swift in Sources */ = {isa = PBXBuildFile; fileRef = FD817C592A0E68EE00B5A7BB /* WelcomeScreenText.swift */; };
		FD817C5D2A0E690B00B5A7BB /* GoodsStorageContainer.xcdatamodeld in Sources */ = {isa = PBXBuildFile; fileRef = FD817C5B2A0E690B00B5A7BB /* GoodsStorageContainer.xcdatamodeld */; };
		FD817C632A0E6A5600B5A7BB /* PersistenceController.swift in Sources */ = {isa = PBXBuildFile; fileRef = FD817C622A0E6A5600B5A7BB /* PersistenceController.swift */; };
		FDD3AD722A0F539400EA1880 /* TextInBlock.swift in Sources */ = {isa = PBXBuildFile; fileRef = FDD3AD712A0F539400EA1880 /* TextInBlock.swift */; };
/* End PBXBuildFile section */

/* Begin PBXFileReference section */
		FD817C382A0E682300B5A7BB /* MyGoodsStorage.app */ = {isa = PBXFileReference; explicitFileType = wrapper.application; includeInIndex = 0; path = MyGoodsStorage.app; sourceTree = BUILT_PRODUCTS_DIR; };
		FD817C3B2A0E682300B5A7BB /* MyGoodsStorageApp.swift */ = {isa = PBXFileReference; lastKnownFileType = sourcecode.swift; path = MyGoodsStorageApp.swift; sourceTree = "<group>"; };
		FD817C3F2A0E682300B5A7BB /* Assets.xcassets */ = {isa = PBXFileReference; lastKnownFileType = folder.assetcatalog; path = Assets.xcassets; sourceTree = "<group>"; };
		FD817C422A0E682300B5A7BB /* Preview Assets.xcassets */ = {isa = PBXFileReference; lastKnownFileType = folder.assetcatalog; path = "Preview Assets.xcassets"; sourceTree = "<group>"; };
		FD817C492A0E686000B5A7BB /* RootView.swift */ = {isa = PBXFileReference; lastKnownFileType = sourcecode.swift; path = RootView.swift; sourceTree = "<group>"; };
		FD817C4B2A0E687100B5A7BB /* WelcomeView.swift */ = {isa = PBXFileReference; lastKnownFileType = sourcecode.swift; path = WelcomeView.swift; sourceTree = "<group>"; };
		FD817C4D2A0E688100B5A7BB /* MainScreenView.swift */ = {isa = PBXFileReference; lastKnownFileType = sourcecode.swift; path = MainScreenView.swift; sourceTree = "<group>"; };
		FD817C4F2A0E689400B5A7BB /* SettingsView.swift */ = {isa = PBXFileReference; lastKnownFileType = sourcecode.swift; path = SettingsView.swift; sourceTree = "<group>"; };
		FD817C512A0E68A400B5A7BB /* CustomStorageView.swift */ = {isa = PBXFileReference; lastKnownFileType = sourcecode.swift; path = CustomStorageView.swift; sourceTree = "<group>"; };
		FD817C532A0E68B600B5A7BB /* AddProductView.swift */ = {isa = PBXFileReference; lastKnownFileType = sourcecode.swift; path = AddProductView.swift; sourceTree = "<group>"; };
		FD817C552A0E68C600B5A7BB /* AddStorageView.swift */ = {isa = PBXFileReference; lastKnownFileType = sourcecode.swift; path = AddStorageView.swift; sourceTree = "<group>"; };
		FD817C572A0E68D800B5A7BB /* CoreDataViewModel.swift */ = {isa = PBXFileReference; lastKnownFileType = sourcecode.swift; path = CoreDataViewModel.swift; sourceTree = "<group>"; };
		FD817C592A0E68EE00B5A7BB /* WelcomeScreenText.swift */ = {isa = PBXFileReference; lastKnownFileType = sourcecode.swift; path = WelcomeScreenText.swift; sourceTree = "<group>"; };
		FD817C5C2A0E690B00B5A7BB /* GoodsStorageContainer.xcdatamodel */ = {isa = PBXFileReference; lastKnownFileType = wrapper.xcdatamodel; path = GoodsStorageContainer.xcdatamodel; sourceTree = "<group>"; };
		FD817C622A0E6A5600B5A7BB /* PersistenceController.swift */ = {isa = PBXFileReference; lastKnownFileType = sourcecode.swift; path = PersistenceController.swift; sourceTree = "<group>"; };
		FDD3AD712A0F539400EA1880 /* TextInBlock.swift */ = {isa = PBXFileReference; lastKnownFileType = sourcecode.swift; path = TextInBlock.swift; sourceTree = "<group>"; };
/* End PBXFileReference section */

/* Begin PBXFrameworksBuildPhase section */
		FD817C352A0E682300B5A7BB /* Frameworks */ = {
			isa = PBXFrameworksBuildPhase;
			buildActionMask = 2147483647;
			files = (
			);
			runOnlyForDeploymentPostprocessing = 0;
		};
/* End PBXFrameworksBuildPhase section */

/* Begin PBXGroup section */
		FD817C2F2A0E682300B5A7BB = {
			isa = PBXGroup;
			children = (
				FD817C3A2A0E682300B5A7BB /* MyGoodsStorage */,
				FD817C392A0E682300B5A7BB /* Products */,
			);
			sourceTree = "<group>";
		};
		FD817C392A0E682300B5A7BB /* Products */ = {
			isa = PBXGroup;
			children = (
				FD817C382A0E682300B5A7BB /* MyGoodsStorage.app */,
			);
			name = Products;
			sourceTree = "<group>";
		};
		FD817C3A2A0E682300B5A7BB /* MyGoodsStorage */ = {
			isa = PBXGroup;
			children = (
				FD817C5B2A0E690B00B5A7BB /* GoodsStorageContainer.xcdatamodeld */,
				FD817C3B2A0E682300B5A7BB /* MyGoodsStorageApp.swift */,
				FD817C622A0E6A5600B5A7BB /* PersistenceController.swift */,
				FD817C5E2A0E69DC00B5A7BB /* Models */,
				FD817C5F2A0E69E400B5A7BB /* Views */,
				FD817C602A0E69F100B5A7BB /* ViewModels */,
				FD817C612A0E6A1000B5A7BB /* Components */,
				FD817C3F2A0E682300B5A7BB /* Assets.xcassets */,
				FD817C412A0E682300B5A7BB /* Preview Content */,
			);
			path = MyGoodsStorage;
			sourceTree = "<group>";
		};
		FD817C412A0E682300B5A7BB /* Preview Content */ = {
			isa = PBXGroup;
			children = (
				FD817C422A0E682300B5A7BB /* Preview Assets.xcassets */,
			);
			path = "Preview Content";
			sourceTree = "<group>";
		};
		FD817C5E2A0E69DC00B5A7BB /* Models */ = {
			isa = PBXGroup;
			children = (
			);
			path = Models;
			sourceTree = "<group>";
		};
		FD817C5F2A0E69E400B5A7BB /* Views */ = {
			isa = PBXGroup;
			children = (
				FD817C492A0E686000B5A7BB /* RootView.swift */,
				FD817C4B2A0E687100B5A7BB /* WelcomeView.swift */,
				FD817C4D2A0E688100B5A7BB /* MainScreenView.swift */,
				FD817C4F2A0E689400B5A7BB /* SettingsView.swift */,
				FD817C512A0E68A400B5A7BB /* CustomStorageView.swift */,
				FD817C532A0E68B600B5A7BB /* AddProductView.swift */,
				FD817C552A0E68C600B5A7BB /* AddStorageView.swift */,
			);
			path = Views;
			sourceTree = "<group>";
		};
		FD817C602A0E69F100B5A7BB /* ViewModels */ = {
			isa = PBXGroup;
			children = (
				FD817C572A0E68D800B5A7BB /* CoreDataViewModel.swift */,
			);
			path = ViewModels;
			sourceTree = "<group>";
		};
		FD817C612A0E6A1000B5A7BB /* Components */ = {
			isa = PBXGroup;
			children = (
				FD817C592A0E68EE00B5A7BB /* WelcomeScreenText.swift */,
				FDD3AD712A0F539400EA1880 /* TextInBlock.swift */,
			);
			path = Components;
			sourceTree = "<group>";
		};
/* End PBXGroup section */

/* Begin PBXNativeTarget section */
		FD817C372A0E682300B5A7BB /* MyGoodsStorage */ = {
			isa = PBXNativeTarget;
			buildConfigurationList = FD817C462A0E682300B5A7BB /* Build configuration list for PBXNativeTarget "MyGoodsStorage" */;
			buildPhases = (
				FD817C342A0E682300B5A7BB /* Sources */,
				FD817C352A0E682300B5A7BB /* Frameworks */,
				FD817C362A0E682300B5A7BB /* Resources */,
			);
			buildRules = (
			);
			dependencies = (
			);
			name = MyGoodsStorage;
			productName = MyGoodsStorage;
			productReference = FD817C382A0E682300B5A7BB /* MyGoodsStorage.app */;
			productType = "com.apple.product-type.application";
		};
/* End PBXNativeTarget section */

/* Begin PBXProject section */
		FD817C302A0E682300B5A7BB /* Project object */ = {
			isa = PBXProject;
			attributes = {
				BuildIndependentTargetsInParallel = 1;
				LastSwiftUpdateCheck = 1420;
				LastUpgradeCheck = 1420;
				TargetAttributes = {
					FD817C372A0E682300B5A7BB = {
						CreatedOnToolsVersion = 14.2;
					};
				};
			};
			buildConfigurationList = FD817C332A0E682300B5A7BB /* Build configuration list for PBXProject "MyGoodsStorage" */;
			compatibilityVersion = "Xcode 14.0";
			developmentRegion = en;
			hasScannedForEncodings = 0;
			knownRegions = (
				en,
				Base,
			);
			mainGroup = FD817C2F2A0E682300B5A7BB;
			productRefGroup = FD817C392A0E682300B5A7BB /* Products */;
			projectDirPath = "";
			projectRoot = "";
			targets = (
				FD817C372A0E682300B5A7BB /* MyGoodsStorage */,
			);
		};
/* End PBXProject section */

/* Begin PBXResourcesBuildPhase section */
		FD817C362A0E682300B5A7BB /* Resources */ = {
			isa = PBXResourcesBuildPhase;
			buildActionMask = 2147483647;
			files = (
				FD817C432A0E682300B5A7BB /* Preview Assets.xcassets in Resources */,
				FD817C402A0E682300B5A7BB /* Assets.xcassets in Resources */,
			);
			runOnlyForDeploymentPostprocessing = 0;
		};
/* End PBXResourcesBuildPhase section */

/* Begin PBXSourcesBuildPhase section */
		FD817C342A0E682300B5A7BB /* Sources */ = {
			isa = PBXSourcesBuildPhase;
			buildActionMask = 2147483647;
			files = (
				FD817C562A0E68C600B5A7BB /* AddStorageView.swift in Sources */,
				FD817C5A2A0E68EE00B5A7BB /* WelcomeScreenText.swift in Sources */,
				FD817C582A0E68D800B5A7BB /* CoreDataViewModel.swift in Sources */,
				FD817C632A0E6A5600B5A7BB /* PersistenceController.swift in Sources */,
				FD817C502A0E689400B5A7BB /* SettingsView.swift in Sources */,
				FD817C4A2A0E686000B5A7BB /* RootView.swift in Sources */,
				FD817C5D2A0E690B00B5A7BB /* GoodsStorageContainer.xcdatamodeld in Sources */,
				FD817C542A0E68B600B5A7BB /* AddProductView.swift in Sources */,
				FD817C4C2A0E687100B5A7BB /* WelcomeView.swift in Sources */,
				FD817C3C2A0E682300B5A7BB /* MyGoodsStorageApp.swift in Sources */,
				FD817C4E2A0E688100B5A7BB /* MainScreenView.swift in Sources */,
				FDD3AD722A0F539400EA1880 /* TextInBlock.swift in Sources */,
				FD817C522A0E68A400B5A7BB /* CustomStorageView.swift in Sources */,
			);
			runOnlyForDeploymentPostprocessing = 0;
		};
/* End PBXSourcesBuildPhase section */

/* Begin XCBuildConfiguration section */
		FD817C442A0E682300B5A7BB /* Debug */ = {
			isa = XCBuildConfiguration;
			buildSettings = {
				ALWAYS_SEARCH_USER_PATHS = NO;
				CLANG_ANALYZER_NONNULL = YES;
				CLANG_ANALYZER_NUMBER_OBJECT_CONVERSION = YES_AGGRESSIVE;
				CLANG_CXX_LANGUAGE_STANDARD = "gnu++20";
				CLANG_ENABLE_MODULES = YES;
				CLANG_ENABLE_OBJC_ARC = YES;
				CLANG_ENABLE_OBJC_WEAK = YES;
				CLANG_WARN_BLOCK_CAPTURE_AUTORELEASING = YES;
				CLANG_WARN_BOOL_CONVERSION = YES;
				CLANG_WARN_COMMA = YES;
				CLANG_WARN_CONSTANT_CONVERSION = YES;
				CLANG_WARN_DEPRECATED_OBJC_IMPLEMENTATIONS = YES;
				CLANG_WARN_DIRECT_OBJC_ISA_USAGE = YES_ERROR;
				CLANG_WARN_DOCUMENTATION_COMMENTS = YES;
				CLANG_WARN_EMPTY_BODY = YES;
				CLANG_WARN_ENUM_CONVERSION = YES;
				CLANG_WARN_INFINITE_RECURSION = YES;
				CLANG_WARN_INT_CONVERSION = YES;
				CLANG_WARN_NON_LITERAL_NULL_CONVERSION = YES;
				CLANG_WARN_OBJC_IMPLICIT_RETAIN_SELF = YES;
				CLANG_WARN_OBJC_LITERAL_CONVERSION = YES;
				CLANG_WARN_OBJC_ROOT_CLASS = YES_ERROR;
				CLANG_WARN_QUOTED_INCLUDE_IN_FRAMEWORK_HEADER = YES;
				CLANG_WARN_RANGE_LOOP_ANALYSIS = YES;
				CLANG_WARN_STRICT_PROTOTYPES = YES;
				CLANG_WARN_SUSPICIOUS_MOVE = YES;
				CLANG_WARN_UNGUARDED_AVAILABILITY = YES_AGGRESSIVE;
				CLANG_WARN_UNREACHABLE_CODE = YES;
				CLANG_WARN__DUPLICATE_METHOD_MATCH = YES;
				COPY_PHASE_STRIP = NO;
				DEBUG_INFORMATION_FORMAT = dwarf;
				ENABLE_STRICT_OBJC_MSGSEND = YES;
				ENABLE_TESTABILITY = YES;
				GCC_C_LANGUAGE_STANDARD = gnu11;
				GCC_DYNAMIC_NO_PIC = NO;
				GCC_NO_COMMON_BLOCKS = YES;
				GCC_OPTIMIZATION_LEVEL = 0;
				GCC_PREPROCESSOR_DEFINITIONS = (
					"DEBUG=1",
					"$(inherited)",
				);
				GCC_WARN_64_TO_32_BIT_CONVERSION = YES;
				GCC_WARN_ABOUT_RETURN_TYPE = YES_ERROR;
				GCC_WARN_UNDECLARED_SELECTOR = YES;
				GCC_WARN_UNINITIALIZED_AUTOS = YES_AGGRESSIVE;
				GCC_WARN_UNUSED_FUNCTION = YES;
				GCC_WARN_UNUSED_VARIABLE = YES;
				IPHONEOS_DEPLOYMENT_TARGET = 16.2;
				MTL_ENABLE_DEBUG_INFO = INCLUDE_SOURCE;
				MTL_FAST_MATH = YES;
				ONLY_ACTIVE_ARCH = YES;
				SDKROOT = iphoneos;
				SWIFT_ACTIVE_COMPILATION_CONDITIONS = DEBUG;
				SWIFT_OPTIMIZATION_LEVEL = "-Onone";
			};
			name = Debug;
		};
		FD817C452A0E682300B5A7BB /* Release */ = {
			isa = XCBuildConfiguration;
			buildSettings = {
				ALWAYS_SEARCH_USER_PATHS = NO;
				CLANG_ANALYZER_NONNULL = YES;
				CLANG_ANALYZER_NUMBER_OBJECT_CONVERSION = YES_AGGRESSIVE;
				CLANG_CXX_LANGUAGE_STANDARD = "gnu++20";
				CLANG_ENABLE_MODULES = YES;
				CLANG_ENABLE_OBJC_ARC = YES;
				CLANG_ENABLE_OBJC_WEAK = YES;
				CLANG_WARN_BLOCK_CAPTURE_AUTORELEASING = YES;
				CLANG_WARN_BOOL_CONVERSION = YES;
				CLANG_WARN_COMMA = YES;
				CLANG_WARN_CONSTANT_CONVERSION = YES;
				CLANG_WARN_DEPRECATED_OBJC_IMPLEMENTATIONS = YES;
				CLANG_WARN_DIRECT_OBJC_ISA_USAGE = YES_ERROR;
				CLANG_WARN_DOCUMENTATION_COMMENTS = YES;
				CLANG_WARN_EMPTY_BODY = YES;
				CLANG_WARN_ENUM_CONVERSION = YES;
				CLANG_WARN_INFINITE_RECURSION = YES;
				CLANG_WARN_INT_CONVERSION = YES;
				CLANG_WARN_NON_LITERAL_NULL_CONVERSION = YES;
				CLANG_WARN_OBJC_IMPLICIT_RETAIN_SELF = YES;
				CLANG_WARN_OBJC_LITERAL_CONVERSION = YES;
				CLANG_WARN_OBJC_ROOT_CLASS = YES_ERROR;
				CLANG_WARN_QUOTED_INCLUDE_IN_FRAMEWORK_HEADER = YES;
				CLANG_WARN_RANGE_LOOP_ANALYSIS = YES;
				CLANG_WARN_STRICT_PROTOTYPES = YES;
				CLANG_WARN_SUSPICIOUS_MOVE = YES;
				CLANG_WARN_UNGUARDED_AVAILABILITY = YES_AGGRESSIVE;
				CLANG_WARN_UNREACHABLE_CODE = YES;
				CLANG_WARN__DUPLICATE_METHOD_MATCH = YES;
				COPY_PHASE_STRIP = NO;
				DEBUG_INFORMATION_FORMAT = "dwarf-with-dsym";
				ENABLE_NS_ASSERTIONS = NO;
				ENABLE_STRICT_OBJC_MSGSEND = YES;
				GCC_C_LANGUAGE_STANDARD = gnu11;
				GCC_NO_COMMON_BLOCKS = YES;
				GCC_WARN_64_TO_32_BIT_CONVERSION = YES;
				GCC_WARN_ABOUT_RETURN_TYPE = YES_ERROR;
				GCC_WARN_UNDECLARED_SELECTOR = YES;
				GCC_WARN_UNINITIALIZED_AUTOS = YES_AGGRESSIVE;
				GCC_WARN_UNUSED_FUNCTION = YES;
				GCC_WARN_UNUSED_VARIABLE = YES;
				IPHONEOS_DEPLOYMENT_TARGET = 16.2;
				MTL_ENABLE_DEBUG_INFO = NO;
				MTL_FAST_MATH = YES;
				SDKROOT = iphoneos;
				SWIFT_COMPILATION_MODE = wholemodule;
				SWIFT_OPTIMIZATION_LEVEL = "-O";
				VALIDATE_PRODUCT = YES;
			};
			name = Release;
		};
		FD817C472A0E682300B5A7BB /* Debug */ = {
			isa = XCBuildConfiguration;
			buildSettings = {
				ASSETCATALOG_COMPILER_APPICON_NAME = AppIcon;
				ASSETCATALOG_COMPILER_GLOBAL_ACCENT_COLOR_NAME = AccentColor;
				CODE_SIGN_STYLE = Automatic;
				CURRENT_PROJECT_VERSION = 1;
				DEVELOPMENT_ASSET_PATHS = "\"MyGoodsStorage/Preview Content\"";
				DEVELOPMENT_TEAM = MBAQ3R6SWJ;
				ENABLE_PREVIEWS = YES;
				GENERATE_INFOPLIST_FILE = YES;
				INFOPLIST_KEY_UIApplicationSceneManifest_Generation = YES;
				INFOPLIST_KEY_UIApplicationSupportsIndirectInputEvents = YES;
				INFOPLIST_KEY_UILaunchScreen_Generation = YES;
				INFOPLIST_KEY_UISupportedInterfaceOrientations_iPad = "UIInterfaceOrientationPortrait UIInterfaceOrientationPortraitUpsideDown UIInterfaceOrientationLandscapeLeft UIInterfaceOrientationLandscapeRight";
				INFOPLIST_KEY_UISupportedInterfaceOrientations_iPhone = "UIInterfaceOrientationPortrait UIInterfaceOrientationLandscapeLeft UIInterfaceOrientationLandscapeRight";
				LD_RUNPATH_SEARCH_PATHS = (
					"$(inherited)",
					"@executable_path/Frameworks",
				);
				MARKETING_VERSION = 1.0;
				PRODUCT_BUNDLE_IDENTIFIER = me.nikitatikhonyuk.MyGoodsStorage;
				PRODUCT_NAME = "$(TARGET_NAME)";
				SWIFT_EMIT_LOC_STRINGS = YES;
				SWIFT_VERSION = 5.0;
				TARGETED_DEVICE_FAMILY = "1,2";
			};
			name = Debug;
		};
		FD817C482A0E682300B5A7BB /* Release */ = {
			isa = XCBuildConfiguration;
			buildSettings = {
				ASSETCATALOG_COMPILER_APPICON_NAME = AppIcon;
				ASSETCATALOG_COMPILER_GLOBAL_ACCENT_COLOR_NAME = AccentColor;
				CODE_SIGN_STYLE = Automatic;
				CURRENT_PROJECT_VERSION = 1;
				DEVELOPMENT_ASSET_PATHS = "\"MyGoodsStorage/Preview Content\"";
				DEVELOPMENT_TEAM = MBAQ3R6SWJ;
				ENABLE_PREVIEWS = YES;
				GENERATE_INFOPLIST_FILE = YES;
				INFOPLIST_KEY_UIApplicationSceneManifest_Generation = YES;
				INFOPLIST_KEY_UIApplicationSupportsIndirectInputEvents = YES;
				INFOPLIST_KEY_UILaunchScreen_Generation = YES;
				INFOPLIST_KEY_UISupportedInterfaceOrientations_iPad = "UIInterfaceOrientationPortrait UIInterfaceOrientationPortraitUpsideDown UIInterfaceOrientationLandscapeLeft UIInterfaceOrientationLandscapeRight";
				INFOPLIST_KEY_UISupportedInterfaceOrientations_iPhone = "UIInterfaceOrientationPortrait UIInterfaceOrientationLandscapeLeft UIInterfaceOrientationLandscapeRight";
				LD_RUNPATH_SEARCH_PATHS = (
					"$(inherited)",
					"@executable_path/Frameworks",
				);
				MARKETING_VERSION = 1.0;
				PRODUCT_BUNDLE_IDENTIFIER = me.nikitatikhonyuk.MyGoodsStorage;
				PRODUCT_NAME = "$(TARGET_NAME)";
				SWIFT_EMIT_LOC_STRINGS = YES;
				SWIFT_VERSION = 5.0;
				TARGETED_DEVICE_FAMILY = "1,2";
			};
			name = Release;
		};
/* End XCBuildConfiguration section */

/* Begin XCConfigurationList section */
		FD817C332A0E682300B5A7BB /* Build configuration list for PBXProject "MyGoodsStorage" */ = {
			isa = XCConfigurationList;
			buildConfigurations = (
				FD817C442A0E682300B5A7BB /* Debug */,
				FD817C452A0E682300B5A7BB /* Release */,
			);
			defaultConfigurationIsVisible = 0;
			defaultConfigurationName = Release;
		};
		FD817C462A0E682300B5A7BB /* Build configuration list for PBXNativeTarget "MyGoodsStorage" */ = {
			isa = XCConfigurationList;
			buildConfigurations = (
				FD817C472A0E682300B5A7BB /* Debug */,
				FD817C482A0E682300B5A7BB /* Release */,
			);
			defaultConfigurationIsVisible = 0;
			defaultConfigurationName = Release;
		};
/* End XCConfigurationList section */

/* Begin XCVersionGroup section */
		FD817C5B2A0E690B00B5A7BB /* GoodsStorageContainer.xcdatamodeld */ = {
			isa = XCVersionGroup;
			children = (
				FD817C5C2A0E690B00B5A7BB /* GoodsStorageContainer.xcdatamodel */,
			);
			currentVersion = FD817C5C2A0E690B00B5A7BB /* GoodsStorageContainer.xcdatamodel */;
			path = GoodsStorageContainer.xcdatamodeld;
			sourceTree = "<group>";
			versionGroupType = wrapper.xcdatamodel;
		};
/* End XCVersionGroup section */
	};
	rootObject = FD817C302A0E682300B5A7BB /* Project object */;
}
